
Microsoft Visual Studio Solution File, Format Version 12.00
# Visual Studio 15
VisualStudioVersion = 15.0.28010.2026
MinimumVisualStudioVersion = 10.0.40219.1
Project("{9A19103F-16F7-4668-BE54-9A1E7A4F7556}") = "Viren.Client.Execution", "Viren.Client.Execution\Viren.Client.Execution.csproj", "{1FD2C3AA-7C05-43C3-9FE0-1376CC668299}"
EndProject
Global
	GlobalSection(SolutionConfigurationPlatforms) = preSolution
		Debug|Any CPU = Debug|Any CPU
		Release|Any CPU = Release|Any CPU
	EndGlobalSection
	GlobalSection(ProjectConfigurationPlatforms) = postSolution
		{1FD2C3AA-7C05-43C3-9FE0-1376CC668299}.Debug|Any CPU.ActiveCfg = Debug|Any CPU
		{1FD2C3AA-7C05-43C3-9FE0-1376CC668299}.Debug|Any CPU.Build.0 = Debug|Any CPU
		{1FD2C3AA-7C05-43C3-9FE0-1376CC668299}.Release|Any CPU.ActiveCfg = Release|Any CPU
		{1FD2C3AA-7C05-43C3-9FE0-1376CC668299}.Release|Any CPU.Build.0 = Release|Any CPU
	EndGlobalSection
	GlobalSection(SolutionProperties) = preSolution
		HideSolutionNode = FALSE
	EndGlobalSection
	GlobalSection(ExtensibilityGlobals) = postSolution
		SolutionGuid = {69D77345-4A24-4907-ADC9-1F0D16C15F5E}
	EndGlobalSection
EndGlobal
